{
  "name": "be-assets",
  "lockfileVersion": 2,
  "requires": true,
  "packages": {
    "": {
      "dependencies": {
        "nestable2": "^1.6.0"
      }
    },
    "node_modules/jquery": {
      "version": "3.6.0",
      "resolved": "https://registry.npmjs.org/jquery/-/jquery-3.6.0.tgz",
      "integrity": "sha512-JVzAR/AjBvVt2BmYhxRCSYysDsPcssdmTFnzyLEts9qNwmjmu4JTAMYubEfwVOSwpQ1I1sKKFcxhZCI2buerfw=="
    },
    "node_modules/nestable2": {
      "version": "1.6.0",
      "resolved": "https://registry.npmjs.org/nestable2/-/nestable2-1.6.0.tgz",
      "integrity": "sha512-/jBy2FhAqik/yV1fYDqbP3OvGLb/wpjweg91UTzIREI+69hbqkKjJ9L+/FSBejYM0WMhvd2Q2p0+8XXetv0egA==",
      "dependencies": {
        "jquery": ">=1.7.2"
      }
    }
  },
  "dependencies": {
    "jquery": {
      "version": "3.6.0",
      "resolved": "https://registry.npmjs.org/jquery/-/jquery-3.6.0.tgz",
      "integrity": "sha512-JVzAR/AjBvVt2BmYhxRCSYysDsPcssdmTFnzyLEts9qNwmjmu4JTAMYubEfwVOSwpQ1I1sKKFcxhZCI2buerfw=="
    },
    "nestable2": {
      "version": "1.6.0",
      "resolved": "https://registry.npmjs.org/nestable2/-/nestable2-1.6.0.tgz",
      "integrity": "sha512-/jBy2FhAqik/yV1fYDqbP3OvGLb/wpjweg91UTzIREI+69hbqkKjJ9L+/FSBejYM0WMhvd2Q2p0+8XXetv0egA==",
      "requires": {
        "jquery": ">=1.7.2"
      }
    }
  }
}
